
Microsoft Visual Studio Solution File, Format Version 12.00
# Visual Studio Version 16
VisualStudioVersion = 16.0.29609.76
MinimumVisualStudioVersion = 10.0.40219.1
Project("{FAE04EC0-301F-11D3-BF4B-00C04F79EFBC}") = "PrimeNumbers.BLL", "PrimeNumbers.BLL\PrimeNumbers.BLL.csproj", "{F5D29DA4-37D3-4A5D-BEC1-D05B40CF916A}"
EndProject
Project("{FAE04EC0-301F-11D3-BF4B-00C04F79EFBC}") = "PrimeNumbers.UI", "PrimeNumbers.UI\PrimeNumbers.UI.csproj", "{DD290E85-D684-4347-B303-93C3A916F1A0}"
EndProject
Project("{FAE04EC0-301F-11D3-BF4B-00C04F79EFBC}") = "PrimeNumbers.DTO", "PrimeNumbers.DTO\PrimeNumbers.DTO.csproj", "{D84E4DC2-C0F7-4B84-A157-9B59F64D9D4F}"
EndProject
Project("{FAE04EC0-301F-11D3-BF4B-00C04F79EFBC}") = "PrimeNumbers.Logging", "PrimeNumbers.Logging\PrimeNumbers.Logging.csproj", "{1B3E90A0-F255-4B66-8A63-A2A5F25746F0}"
EndProject
Project("{2150E333-8FDC-42A3-9474-1A3956D46DE8}") = "tests", "tests", "{F1514C0E-B047-4874-B0C3-A1FD42544A88}"
EndProject
Project("{FAE04EC0-301F-11D3-BF4B-00C04F79EFBC}") = "PrimeNumbers.Services.Tests", "tests\PrimeNumbers.Services.Tests\PrimeNumbers.Services.Tests.csproj", "{CC7ED156-DD8D-420B-A26B-00418C4BEF74}"
EndProject
Global
	GlobalSection(SolutionConfigurationPlatforms) = preSolution
		Debug|Any CPU = Debug|Any CPU
		Release|Any CPU = Release|Any CPU
	EndGlobalSection
	GlobalSection(ProjectConfigurationPlatforms) = postSolution
		{F5D29DA4-37D3-4A5D-BEC1-D05B40CF916A}.Debug|Any CPU.ActiveCfg = Debug|Any CPU
		{F5D29DA4-37D3-4A5D-BEC1-D05B40CF916A}.Debug|Any CPU.Build.0 = Debug|Any CPU
		{F5D29DA4-37D3-4A5D-BEC1-D05B40CF916A}.Release|Any CPU.ActiveCfg = Release|Any CPU
		{F5D29DA4-37D3-4A5D-BEC1-D05B40CF916A}.Release|Any CPU.Build.0 = Release|Any CPU
		{DD290E85-D684-4347-B303-93C3A916F1A0}.Debug|Any CPU.ActiveCfg = Debug|Any CPU
		{DD290E85-D684-4347-B303-93C3A916F1A0}.Debug|Any CPU.Build.0 = Debug|Any CPU
		{DD290E85-D684-4347-B303-93C3A916F1A0}.Release|Any CPU.ActiveCfg = Release|Any CPU
		{DD290E85-D684-4347-B303-93C3A916F1A0}.Release|Any CPU.Build.0 = Release|Any CPU
		{D84E4DC2-C0F7-4B84-A157-9B59F64D9D4F}.Debug|Any CPU.ActiveCfg = Debug|Any CPU
		{D84E4DC2-C0F7-4B84-A157-9B59F64D9D4F}.Debug|Any CPU.Build.0 = Debug|Any CPU
		{D84E4DC2-C0F7-4B84-A157-9B59F64D9D4F}.Release|Any CPU.ActiveCfg = Release|Any CPU
		{D84E4DC2-C0F7-4B84-A157-9B59F64D9D4F}.Release|Any CPU.Build.0 = Release|Any CPU
		{1B3E90A0-F255-4B66-8A63-A2A5F25746F0}.Debug|Any CPU.ActiveCfg = Debug|Any CPU
		{1B3E90A0-F255-4B66-8A63-A2A5F25746F0}.Debug|Any CPU.Build.0 = Debug|Any CPU
		{1B3E90A0-F255-4B66-8A63-A2A5F25746F0}.Release|Any CPU.ActiveCfg = Release|Any CPU
		{1B3E90A0-F255-4B66-8A63-A2A5F25746F0}.Release|Any CPU.Build.0 = Release|Any CPU
		{CC7ED156-DD8D-420B-A26B-00418C4BEF74}.Debug|Any CPU.ActiveCfg = Debug|Any CPU
		{CC7ED156-DD8D-420B-A26B-00418C4BEF74}.Debug|Any CPU.Build.0 = Debug|Any CPU
		{CC7ED156-DD8D-420B-A26B-00418C4BEF74}.Release|Any CPU.ActiveCfg = Release|Any CPU
		{CC7ED156-DD8D-420B-A26B-00418C4BEF74}.Release|Any CPU.Build.0 = Release|Any CPU
	EndGlobalSection
	GlobalSection(SolutionProperties) = preSolution
		HideSolutionNode = FALSE
	EndGlobalSection
	GlobalSection(NestedProjects) = preSolution
		{CC7ED156-DD8D-420B-A26B-00418C4BEF74} = {F1514C0E-B047-4874-B0C3-A1FD42544A88}
	EndGlobalSection
	GlobalSection(ExtensibilityGlobals) = postSolution
		SolutionGuid = {F8797DC1-4105-49AB-A404-42EF0EE7F47A}
	EndGlobalSection
EndGlobal
